
Microsoft Visual Studio Solution File, Format Version 12.00
# Visual Studio Version 16
VisualStudioVersion = 16.0.32929.386
MinimumVisualStudioVersion = 10.0.40219.1
Project("{FAE04EC0-301F-11D3-BF4B-00C04F79EFBC}") = "TemperatureConverter", "TemperatureConverter\TemperatureConverter.csproj", "{C7C9AB0B-62E8-4164-9850-D74E197B32E1}"
EndProject
Global
	GlobalSection(SolutionConfigurationPlatforms) = preSolution
		Debug|Any CPU = Debug|Any CPU
		Release|Any CPU = Release|Any CPU
	EndGlobalSection
	GlobalSection(ProjectConfigurationPlatforms) = postSolution
		{C7C9AB0B-62E8-4164-9850-D74E197B32E1}.Debug|Any CPU.ActiveCfg = Debug|Any CPU
		{C7C9AB0B-62E8-4164-9850-D74E197B32E1}.Debug|Any CPU.Build.0 = Debug|Any CPU
		{C7C9AB0B-62E8-4164-9850-D74E197B32E1}.Release|Any CPU.ActiveCfg = Release|Any CPU
		{C7C9AB0B-62E8-4164-9850-D74E197B32E1}.Release|Any CPU.Build.0 = Release|Any CPU
	EndGlobalSection
	GlobalSection(SolutionProperties) = preSolution
		HideSolutionNode = FALSE
	EndGlobalSection
	GlobalSection(ExtensibilityGlobals) = postSolution
		SolutionGuid = {C215A58C-3A83-4E0C-9F46-7CAFFD99D597}
	EndGlobalSection
EndGlobal
